// !$*UTF8*$!
{
	archiveVersion = 1;
	classes = {
	};
	objectVersion = 50;
	objects = {

/* Begin PBXBuildFile section */
		445B8E682625B2A900784BBC /* AppDelegate.swift in Sources */ = {isa = PBXBuildFile; fileRef = 445B8E672625B2A900784BBC /* AppDelegate.swift */; };
		445B8E6A2625B2A900784BBC /* SceneDelegate.swift in Sources */ = {isa = PBXBuildFile; fileRef = 445B8E692625B2A900784BBC /* SceneDelegate.swift */; };
		445B8E6C2625B2A900784BBC /* ViewController.swift in Sources */ = {isa = PBXBuildFile; fileRef = 445B8E6B2625B2A900784BBC /* ViewController.swift */; };
		445B8E6F2625B2A900784BBC /* Main.storyboard in Resources */ = {isa = PBXBuildFile; fileRef = 445B8E6D2625B2A900784BBC /* Main.storyboard */; };
		445B8E712625B2AC00784BBC /* Assets.xcassets in Resources */ = {isa = PBXBuildFile; fileRef = 445B8E702625B2AC00784BBC /* Assets.xcassets */; };
		445B8E742625B2AC00784BBC /* LaunchScreen.storyboard in Resources */ = {isa = PBXBuildFile; fileRef = 445B8E722625B2AC00784BBC /* LaunchScreen.storyboard */; };
/* End PBXBuildFile section */

/* Begin PBXFileReference section */
		445B8E642625B2A900784BBC /* VIPER Architecture Example.app */ = {isa = PBXFileReference; explicitFileType = wrapper.application; includeInIndex = 0; path = "VIPER Architecture Example.app"; sourceTree = BUILT_PRODUCTS_DIR; };
		445B8E672625B2A900784BBC /* AppDelegate.swift */ = {isa = PBXFileReference; lastKnownFileType = sourcecode.swift; path = AppDelegate.swift; sourceTree = "<group>"; };
		445B8E692625B2A900784BBC /* SceneDelegate.swift */ = {isa = PBXFileReference; lastKnownFileType = sourcecode.swift; path = SceneDelegate.swift; sourceTree = "<group>"; };
		445B8E6B2625B2A900784BBC /* ViewController.swift */ = {isa = PBXFileReference; lastKnownFileType = sourcecode.swift; path = ViewController.swift; sourceTree = "<group>"; };
		445B8E6E2625B2A900784BBC /* Base */ = {isa = PBXFileReference; lastKnownFileType = file.storyboard; name = Base; path = Base.lproj/Main.storyboard; sourceTree = "<group>"; };
		445B8E702625B2AC00784BBC /* Assets.xcassets */ = {isa = PBXFileReference; lastKnownFileType = folder.assetcatalog; path = Assets.xcassets; sourceTree = "<group>"; };
		445B8E732625B2AC00784BBC /* Base */ = {isa = PBXFileReference; lastKnownFileType = file.storyboard; name = Base; path = Base.lproj/LaunchScreen.storyboard; sourceTree = "<group>"; };
		445B8E752625B2AC00784BBC /* Info.plist */ = {isa = PBXFileReference; lastKnownFileType = text.plist.xml; path = Info.plist; sourceTree = "<group>"; };
/* End PBXFileReference section */

/* Begin PBXFrameworksBuildPhase section */
		445B8E612625B2A900784BBC /* Frameworks */ = {
			isa = PBXFrameworksBuildPhase;
			buildActionMask = 2147483647;
			files = (
			);
			runOnlyForDeploymentPostprocessing = 0;
		};
/* End PBXFrameworksBuildPhase section */

/* Begin PBXGroup section */
		445B8E5B2625B2A900784BBC = {
			isa = PBXGroup;
			children = (
				445B8E662625B2A900784BBC /* VIPER Architecture Example */,
				445B8E652625B2A900784BBC /* Products */,
			);
			sourceTree = "<group>";
		};
		445B8E652625B2A900784BBC /* Products */ = {
			isa = PBXGroup;
			children = (
				445B8E642625B2A900784BBC /* VIPER Architecture Example.app */,
			);
			name = Products;
			sourceTree = "<group>";
		};
		445B8E662625B2A900784BBC /* VIPER Architecture Example */ = {
			isa = PBXGroup;
			children = (
				445B8E672625B2A900784BBC /* AppDelegate.swift */,
				445B8E692625B2A900784BBC /* SceneDelegate.swift */,
				445B8E6B2625B2A900784BBC /* ViewController.swift */,
				445B8E6D2625B2A900784BBC /* Main.storyboard */,
				445B8E702625B2AC00784BBC /* Assets.xcassets */,
				445B8E722625B2AC00784BBC /* LaunchScreen.storyboard */,
				445B8E752625B2AC00784BBC /* Info.plist */,
			);
			path = "VIPER Architecture Example";
			sourceTree = "<group>";
		};
/* End PBXGroup section */

/* Begin PBXNativeTarget section */
		445B8E632625B2A900784BBC /* VIPER Architecture Example */ = {
			isa = PBXNativeTarget;
			buildConfigurationList = 445B8E782625B2AC00784BBC /* Build configuration list for PBXNativeTarget "VIPER Architecture Example" */;
			buildPhases = (
				445B8E602625B2A900784BBC /* Sources */,
				445B8E612625B2A900784BBC /* Frameworks */,
				445B8E622625B2A900784BBC /* Resources */,
			);
			buildRules = (
			);
			dependencies = (
			);
			name = "VIPER Architecture Example";
			productName = "VIPER Architecture Example";
			productReference = 445B8E642625B2A900784BBC /* VIPER Architecture Example.app */;
			productType = "com.apple.product-type.application";
		};
/* End PBXNativeTarget section */

/* Begin PBXProject section */
		445B8E5C2625B2A900784BBC /* Project object */ = {
			isa = PBXProject;
			attributes = {
				LastSwiftUpdateCheck = 1240;
				LastUpgradeCheck = 1240;
				TargetAttributes = {
					445B8E632625B2A900784BBC = {
						CreatedOnToolsVersion = 12.4;
					};
				};
			};
			buildConfigurationList = 445B8E5F2625B2A900784BBC /* Build configuration list for PBXProject "VIPER Architecture Example" */;
			compatibilityVersion = "Xcode 9.3";
			developmentRegion = en;
			hasScannedForEncodings = 0;
			knownRegions = (
				en,
				Base,
			);
			mainGroup = 445B8E5B2625B2A900784BBC;
			productRefGroup = 445B8E652625B2A900784BBC /* Products */;
			projectDirPath = "";
			projectRoot = "";
			targets = (
				445B8E632625B2A900784BBC /* VIPER Architecture Example */,
			);
		};
/* End PBXProject section */

/* Begin PBXResourcesBuildPhase section */
		445B8E622625B2A900784BBC /* Resources */ = {
			isa = PBXResourcesBuildPhase;
			buildActionMask = 2147483647;
			files = (
				445B8E742625B2AC00784BBC /* LaunchScreen.storyboard in Resources */,
				445B8E712625B2AC00784BBC /* Assets.xcassets in Resources */,
				445B8E6F2625B2A900784BBC /* Main.storyboard in Resources */,
			);
			runOnlyForDeploymentPostprocessing = 0;
		};
/* End PBXResourcesBuildPhase section */

/* Begin PBXSourcesBuildPhase section */
		445B8E602625B2A900784BBC /* Sources */ = {
			isa = PBXSourcesBuildPhase;
			buildActionMask = 2147483647;
			files = (
				445B8E6C2625B2A900784BBC /* ViewController.swift in Sources */,
				445B8E682625B2A900784BBC /* AppDelegate.swift in Sources */,
				445B8E6A2625B2A900784BBC /* SceneDelegate.swift in Sources */,
			);
			runOnlyForDeploymentPostprocessing = 0;
		};
/* End PBXSourcesBuildPhase section */

/* Begin PBXVariantGroup section */
		445B8E6D2625B2A900784BBC /* Main.storyboard */ = {
			isa = PBXVariantGroup;
			children = (
				445B8E6E2625B2A900784BBC /* Base */,
			);
			name = Main.storyboard;
			sourceTree = "<group>";
		};
		445B8E722625B2AC00784BBC /* LaunchScreen.storyboard */ = {
			isa = PBXVariantGroup;
			children = (
				445B8E732625B2AC00784BBC /* Base */,
			);
			name = LaunchScreen.storyboard;
			sourceTree = "<group>";
		};
/* End PBXVariantGroup section */

/* Begin XCBuildConfiguration section */
		445B8E762625B2AC00784BBC /* Debug */ = {
			isa = XCBuildConfiguration;
			buildSettings = {
				ALWAYS_SEARCH_USER_PATHS = NO;
				CLANG_ANALYZER_NONNULL = YES;
				CLANG_ANALYZER_NUMBER_OBJECT_CONVERSION = YES_AGGRESSIVE;
				CLANG_CXX_LANGUAGE_STANDARD = "gnu++14";
				CLANG_CXX_LIBRARY = "libc++";
				CLANG_ENABLE_MODULES = YES;
				CLANG_ENABLE_OBJC_ARC = YES;
				CLANG_ENABLE_OBJC_WEAK = YES;
				CLANG_WARN_BLOCK_CAPTURE_AUTORELEASING = YES;
				CLANG_WARN_BOOL_CONVERSION = YES;
				CLANG_WARN_COMMA = YES;
				CLANG_WARN_CONSTANT_CONVERSION = YES;
				CLANG_WARN_DEPRECATED_OBJC_IMPLEMENTATIONS = YES;
				CLANG_WARN_DIRECT_OBJC_ISA_USAGE = YES_ERROR;
				CLANG_WARN_DOCUMENTATION_COMMENTS = YES;
				CLANG_WARN_EMPTY_BODY = YES;
				CLANG_WARN_ENUM_CONVERSION = YES;
				CLANG_WARN_INFINITE_RECURSION = YES;
				CLANG_WARN_INT_CONVERSION = YES;
				CLANG_WARN_NON_LITERAL_NULL_CONVERSION = YES;
				CLANG_WARN_OBJC_IMPLICIT_RETAIN_SELF = YES;
				CLANG_WARN_OBJC_LITERAL_CONVERSION = YES;
				CLANG_WARN_OBJC_ROOT_CLASS = YES_ERROR;
				CLANG_WARN_QUOTED_INCLUDE_IN_FRAMEWORK_HEADER = YES;
				CLANG_WARN_RANGE_LOOP_ANALYSIS = YES;
				CLANG_WARN_STRICT_PROTOTYPES = YES;
				CLANG_WARN_SUSPICIOUS_MOVE = YES;
				CLANG_WARN_UNGUARDED_AVAILABILITY = YES_AGGRESSIVE;
				CLANG_WARN_UNREACHABLE_CODE = YES;
				CLANG_WARN__DUPLICATE_METHOD_MATCH = YES;
				COPY_PHASE_STRIP = NO;
				DEBUG_INFORMATION_FORMAT = dwarf;
				ENABLE_STRICT_OBJC_MSGSEND = YES;
				ENABLE_TESTABILITY = YES;
				GCC_C_LANGUAGE_STANDARD = gnu11;
				GCC_DYNAMIC_NO_PIC = NO;
				GCC_NO_COMMON_BLOCKS = YES;
				GCC_OPTIMIZATION_LEVEL = 0;
				GCC_PREPROCESSOR_DEFINITIONS = (
					"DEBUG=1",
					"$(inherited)",
				);
				GCC_WARN_64_TO_32_BIT_CONVERSION = YES;
				GCC_WARN_ABOUT_RETURN_TYPE = YES_ERROR;
				GCC_WARN_UNDECLARED_SELECTOR = YES;
				GCC_WARN_UNINITIALIZED_AUTOS = YES_AGGRESSIVE;
				GCC_WARN_UNUSED_FUNCTION = YES;
				GCC_WARN_UNUSED_VARIABLE = YES;
				IPHONEOS_DEPLOYMENT_TARGET = 14.4;
				MTL_ENABLE_DEBUG_INFO = INCLUDE_SOURCE;
				MTL_FAST_MATH = YES;
				ONLY_ACTIVE_ARCH = YES;
				SDKROOT = iphoneos;
				SWIFT_ACTIVE_COMPILATION_CONDITIONS = DEBUG;
				SWIFT_OPTIMIZATION_LEVEL = "-Onone";
			};
			name = Debug;
		};
		445B8E772625B2AC00784BBC /* Release */ = {
			isa = XCBuildConfiguration;
			buildSettings = {
				ALWAYS_SEARCH_USER_PATHS = NO;
				CLANG_ANALYZER_NONNULL = YES;
				CLANG_ANALYZER_NUMBER_OBJECT_CONVERSION = YES_AGGRESSIVE;
				CLANG_CXX_LANGUAGE_STANDARD = "gnu++14";
				CLANG_CXX_LIBRARY = "libc++";
				CLANG_ENABLE_MODULES = YES;
				CLANG_ENABLE_OBJC_ARC = YES;
				CLANG_ENABLE_OBJC_WEAK = YES;
				CLANG_WARN_BLOCK_CAPTURE_AUTORELEASING = YES;
				CLANG_WARN_BOOL_CONVERSION = YES;
				CLANG_WARN_COMMA = YES;
				CLANG_WARN_CONSTANT_CONVERSION = YES;
				CLANG_WARN_DEPRECATED_OBJC_IMPLEMENTATIONS = YES;
				CLANG_WARN_DIRECT_OBJC_ISA_USAGE = YES_ERROR;
				CLANG_WARN_DOCUMENTATION_COMMENTS = YES;
				CLANG_WARN_EMPTY_BODY = YES;
				CLANG_WARN_ENUM_CONVERSION = YES;
				CLANG_WARN_INFINITE_RECURSION = YES;
				CLANG_WARN_INT_CONVERSION = YES;
				CLANG_WARN_NON_LITERAL_NULL_CONVERSION = YES;
				CLANG_WARN_OBJC_IMPLICIT_RETAIN_SELF = YES;
				CLANG_WARN_OBJC_LITERAL_CONVERSION = YES;
				CLANG_WARN_OBJC_ROOT_CLASS = YES_ERROR;
				CLANG_WARN_QUOTED_INCLUDE_IN_FRAMEWORK_HEADER = YES;
				CLANG_WARN_RANGE_LOOP_ANALYSIS = YES;
				CLANG_WARN_STRICT_PROTOTYPES = YES;
				CLANG_WARN_SUSPICIOUS_MOVE = YES;
				CLANG_WARN_UNGUARDED_AVAILABILITY = YES_AGGRESSIVE;
				CLANG_WARN_UNREACHABLE_CODE = YES;
				CLANG_WARN__DUPLICATE_METHOD_MATCH = YES;
				COPY_PHASE_STRIP = NO;
				DEBUG_INFORMATION_FORMAT = "dwarf-with-dsym";
				ENABLE_NS_ASSERTIONS = NO;
				ENABLE_STRICT_OBJC_MSGSEND = YES;
				GCC_C_LANGUAGE_STANDARD = gnu11;
				GCC_NO_COMMON_BLOCKS = YES;
				GCC_WARN_64_TO_32_BIT_CONVERSION = YES;
				GCC_WARN_ABOUT_RETURN_TYPE = YES_ERROR;
				GCC_WARN_UNDECLARED_SELECTOR = YES;
				GCC_WARN_UNINITIALIZED_AUTOS = YES_AGGRESSIVE;
				GCC_WARN_UNUSED_FUNCTION = YES;
				GCC_WARN_UNUSED_VARIABLE = YES;
				IPHONEOS_DEPLOYMENT_TARGET = 14.4;
				MTL_ENABLE_DEBUG_INFO = NO;
				MTL_FAST_MATH = YES;
				SDKROOT = iphoneos;
				SWIFT_COMPILATION_MODE = wholemodule;
				SWIFT_OPTIMIZATION_LEVEL = "-O";
				VALIDATE_PRODUCT = YES;
			};
			name = Release;
		};
		445B8E792625B2AC00784BBC /* Debug */ = {
			isa = XCBuildConfiguration;
			buildSettings = {
				ASSETCATALOG_COMPILER_APPICON_NAME = AppIcon;
				ASSETCATALOG_COMPILER_GLOBAL_ACCENT_COLOR_NAME = AccentColor;
				CODE_SIGN_STYLE = Automatic;
				DEVELOPMENT_TEAM = 544VHSBM9H;
				INFOPLIST_FILE = "VIPER Architecture Example/Info.plist";
				LD_RUNPATH_SEARCH_PATHS = (
					"$(inherited)",
					"@executable_path/Frameworks",
				);
				PRODUCT_BUNDLE_IDENTIFIER = "br.leo.VIPER-Architecture-Example";
				PRODUCT_NAME = "$(TARGET_NAME)";
				SWIFT_VERSION = 5.0;
				TARGETED_DEVICE_FAMILY = "1,2";
			};
			name = Debug;
		};
		445B8E7A2625B2AC00784BBC /* Release */ = {
			isa = XCBuildConfiguration;
			buildSettings = {
				ASSETCATALOG_COMPILER_APPICON_NAME = AppIcon;
				ASSETCATALOG_COMPILER_GLOBAL_ACCENT_COLOR_NAME = AccentColor;
				CODE_SIGN_STYLE = Automatic;
				DEVELOPMENT_TEAM = 544VHSBM9H;
				INFOPLIST_FILE = "VIPER Architecture Example/Info.plist";
				LD_RUNPATH_SEARCH_PATHS = (
					"$(inherited)",
					"@executable_path/Frameworks",
				);
				PRODUCT_BUNDLE_IDENTIFIER = "br.leo.VIPER-Architecture-Example";
				PRODUCT_NAME = "$(TARGET_NAME)";
				SWIFT_VERSION = 5.0;
				TARGETED_DEVICE_FAMILY = "1,2";
			};
			name = Release;
		};
/* End XCBuildConfiguration section */

/* Begin XCConfigurationList section */
		445B8E5F2625B2A900784BBC /* Build configuration list for PBXProject "VIPER Architecture Example" */ = {
			isa = XCConfigurationList;
			buildConfigurations = (
				445B8E762625B2AC00784BBC /* Debug */,
				445B8E772625B2AC00784BBC /* Release */,
			);
			defaultConfigurationIsVisible = 0;
			defaultConfigurationName = Release;
		};
		445B8E782625B2AC00784BBC /* Build configuration list for PBXNativeTarget "VIPER Architecture Example" */ = {
			isa = XCConfigurationList;
			buildConfigurations = (
				445B8E792625B2AC00784BBC /* Debug */,
				445B8E7A2625B2AC00784BBC /* Release */,
			);
			defaultConfigurationIsVisible = 0;
			defaultConfigurationName = Release;
		};
/* End XCConfigurationList section */
	};
	rootObject = 445B8E5C2625B2A900784BBC /* Project object */;
}
